
Microsoft Visual Studio Solution File, Format Version 12.00
# Visual Studio 15
VisualStudioVersion = 15.0.28307.106
MinimumVisualStudioVersion = 10.0.40219.1
Project("{FAE04EC0-301F-11D3-BF4B-00C04F79EFBC}") = "LabProg", "LabProg\LabProg.csproj", "{806003A1-BF6F-4EE8-8E2F-CDAF3218D9A4}"
EndProject
Project("{2150E333-8FDC-42A3-9474-1A3956D46DE8}") = "Solution Items", "Solution Items", "{76C587F6-C961-4589-833C-48FF51C50CB2}"
	ProjectSection(SolutionItems) = preProject
		LogBoxItem.cs = LogBoxItem.cs
	EndProjectSection
EndProject
Global
	GlobalSection(SolutionConfigurationPlatforms) = preSolution
		Debug|Any CPU = Debug|Any CPU
		Release|Any CPU = Release|Any CPU
	EndGlobalSection
	GlobalSection(ProjectConfigurationPlatforms) = postSolution
		{806003A1-BF6F-4EE8-8E2F-CDAF3218D9A4}.Debug|Any CPU.ActiveCfg = Debug|Any CPU
		{806003A1-BF6F-4EE8-8E2F-CDAF3218D9A4}.Debug|Any CPU.Build.0 = Debug|Any CPU
		{806003A1-BF6F-4EE8-8E2F-CDAF3218D9A4}.Release|Any CPU.ActiveCfg = Release|Any CPU
		{806003A1-BF6F-4EE8-8E2F-CDAF3218D9A4}.Release|Any CPU.Build.0 = Release|Any CPU
	EndGlobalSection
	GlobalSection(SolutionProperties) = preSolution
		HideSolutionNode = FALSE
	EndGlobalSection
	GlobalSection(ExtensibilityGlobals) = postSolution
		SolutionGuid = {F04ACCC7-C4BD-4601-BAE2-81E490A4B102}
	EndGlobalSection
EndGlobal
